{
    "version": 3,
    "terraform_version": "0.9.4",
    "serial": 55,
    "lineage": "6faf46d3-691a-452b-b745-a546c19fb165",
    "modules": [
        {
            "path": [
                "root"
            ],
            "outputs": {
                "elb_dns_name": {
                    "sensitive": false,
                    "type": "string",
                    "value": "tf-elb-example-672987555.us-east-1.elb.amazonaws.com"
                },
                "rule_arn": {
                    "sensitive": false,
                    "type": "string",
                    "value": "arn:aws:events:us-east-1:349038533867:rule/tf-example-cloudwatch-event-rule-for-sns"
                },
                "sns_topic_arn": {
                    "sensitive": false,
                    "type": "string",
                    "value": "arn:aws:sns:us-east-1:349038533867:tf-example-sns-topic"
                }
            },
            "resources": {
                "aws_autoscaling_group.example": {
                    "type": "aws_autoscaling_group",
                    "depends_on": [
                        "aws_elb.example",
                        "aws_launch_configuration.example",
                        "aws_subnet.new_psna",
                        "aws_subnet.new_psnb",
                        "aws_subnet.new_psnc"
                    ],
                    "primary": {
                        "id": "webservers",
                        "attributes": {
                            "arn": "arn:aws:autoscaling:us-east-1:349038533867:autoScalingGroup:74446d60-b446-4dbd-932a-7c7c8d865728:autoScalingGroupName/webservers",
                            "availability_zones.#": "3",
                            "availability_zones.1305112097": "us-east-1b",
                            "availability_zones.725401701": "us-east-1a",
                            "availability_zones.986537655": "us-east-1c",
                            "default_cooldown": "300",
                            "desired_capacity": "2",
                            "force_delete": "true",
                            "health_check_grace_period": "300",
                            "health_check_type": "ELB",
                            "id": "webservers",
                            "launch_configuration": "terraform-00f1e589624ff367986b663578",
                            "load_balancers.#": "1",
                            "load_balancers.63889100": "tf-elb-example",
                            "max_size": "10",
                            "metrics_granularity": "1Minute",
                            "min_size": "2",
                            "name": "webservers",
                            "placement_group": "",
                            "protect_from_scale_in": "false",
                            "suspended_processes.#": "0",
                            "tag.#": "1",
                            "tag.124519892.key": "Name",
                            "tag.124519892.propagate_at_launch": "true",
                            "tag.124519892.value": "terraform-asg-example",
                            "target_group_arns.#": "0",
                            "termination_policies.#": "0",
                            "vpc_zone_identifier.#": "3",
                            "vpc_zone_identifier.1182108433": "subnet-625ba04e",
                            "vpc_zone_identifier.16221891": "subnet-c455a49e",
                            "vpc_zone_identifier.1987210605": "subnet-e75befaf",
                            "wait_for_capacity_timeout": "10m"
                        },
                        "meta": {},
                        "tainted": false
                    },
                    "deposed": [],
                    "provider": ""
                },
                "aws_cloudwatch_event_rule.cw_rule": {
                    "type": "aws_cloudwatch_event_rule",
                    "depends_on": [],
                    "primary": {
                        "id": "tf-example-cloudwatch-event-rule-for-sns",
                        "attributes": {
                            "arn": "arn:aws:events:us-east-1:349038533867:rule/tf-example-cloudwatch-event-rule-for-sns",
                            "description": "",
                            "event_pattern": "{\"detail\":{\"eventSource\":[\"cloudtrail.amazonaws.com\"]},\"detail-type\":[\"AWS API Call via CloudTrail\"]}",
                            "id": "tf-example-cloudwatch-event-rule-for-sns",
                            "is_enabled": "true",
                            "name": "tf-example-cloudwatch-event-rule-for-sns",
                            "role_arn": "",
                            "schedule_expression": ""
                        },
                        "meta": {},
                        "tainted": false
                    },
                    "deposed": [],
                    "provider": ""
                },
                "aws_cloudwatch_event_target.target_event": {
                    "type": "aws_cloudwatch_event_target",
                    "depends_on": [
                        "aws_cloudwatch_event_rule.cw_rule",
                        "aws_sns_topic.topic-example"
                    ],
                    "primary": {
                        "id": "tf-example-cloudwatch-event-rule-for-sns-tf-example-cloudwatch-event-target-for-sns",
                        "attributes": {
                            "arn": "arn:aws:sns:us-east-1:349038533867:tf-example-sns-topic",
                            "id": "tf-example-cloudwatch-event-rule-for-sns-tf-example-cloudwatch-event-target-for-sns",
                            "input": "",
                            "input_path": "",
                            "rule": "tf-example-cloudwatch-event-rule-for-sns",
                            "target_id": "tf-example-cloudwatch-event-target-for-sns"
                        },
                        "meta": {},
                        "tainted": false
                    },
                    "deposed": [],
                    "provider": ""
                },
                "aws_elb.example": {
                    "type": "aws_elb",
                    "depends_on": [
                        "aws_security_group.elb",
                        "aws_subnet.new_psna",
                        "aws_subnet.new_psnb",
                        "aws_subnet.new_psnc"
                    ],
                    "primary": {
                        "id": "tf-elb-example",
                        "attributes": {
                            "access_logs.#": "0",
                            "availability_zones.#": "3",
                            "availability_zones.1305112097": "us-east-1b",
                            "availability_zones.725401701": "us-east-1a",
                            "availability_zones.986537655": "us-east-1c",
                            "connection_draining": "true",
                            "connection_draining_timeout": "400",
                            "cross_zone_load_balancing": "true",
                            "dns_name": "tf-elb-example-672987555.us-east-1.elb.amazonaws.com",
                            "health_check.#": "1",
                            "health_check.0.healthy_threshold": "2",
                            "health_check.0.interval": "30",
                            "health_check.0.target": "HTTP:8484/",
                            "health_check.0.timeout": "3",
                            "health_check.0.unhealthy_threshold": "2",
                            "id": "tf-elb-example",
                            "idle_timeout": "400",
                            "instances.#": "0",
                            "internal": "false",
                            "listener.#": "1",
                            "listener.902043634.instance_port": "8484",
                            "listener.902043634.instance_protocol": "http",
                            "listener.902043634.lb_port": "80",
                            "listener.902043634.lb_protocol": "http",
                            "listener.902043634.ssl_certificate_id": "",
                            "name": "tf-elb-example",
                            "security_groups.#": "1",
                            "security_groups.122210535": "sg-7bf64705",
                            "source_security_group": "349038533867/tf-example-elb",
                            "source_security_group_id": "sg-7bf64705",
                            "subnets.#": "3",
                            "subnets.1182108433": "subnet-625ba04e",
                            "subnets.16221891": "subnet-c455a49e",
                            "subnets.1987210605": "subnet-e75befaf",
                            "tags.%": "0",
                            "zone_id": "Z35SXDOTRQ7X7K"
                        },
                        "meta": {},
                        "tainted": false
                    },
                    "deposed": [],
                    "provider": ""
                },
                "aws_internet_gateway.new_gateway": {
                    "type": "aws_internet_gateway",
                    "depends_on": [
                        "aws_vpc.new_vpc"
                    ],
                    "primary": {
                        "id": "igw-9fb115f9",
                        "attributes": {
                            "id": "igw-9fb115f9",
                            "tags.%": "1",
                            "tags.Name": "new-gateway",
                            "vpc_id": "vpc-f543ac8c"
                        },
                        "meta": {},
                        "tainted": false
                    },
                    "deposed": [],
                    "provider": ""
                },
                "aws_launch_configuration.example": {
                    "type": "aws_launch_configuration",
                    "depends_on": [
                        "aws_security_group.instance"
                    ],
                    "primary": {
                        "id": "terraform-00f1e589624ff367986b663578",
                        "attributes": {
                            "associate_public_ip_address": "false",
                            "ebs_block_device.#": "0",
                            "ebs_optimized": "false",
                            "enable_monitoring": "true",
                            "ephemeral_block_device.#": "0",
                            "iam_instance_profile": "",
                            "id": "terraform-00f1e589624ff367986b663578",
                            "image_id": "ami-8898f39e",
                            "instance_type": "t2.micro",
                            "key_name": "all_instances_keypair1",
                            "name": "terraform-00f1e589624ff367986b663578",
                            "root_block_device.#": "0",
                            "security_groups.#": "1",
                            "security_groups.897873835": "sg-93f445ed",
                            "spot_price": "",
                            "vpc_classic_link_id": "",
                            "vpc_classic_link_security_groups.#": "0"
                        },
                        "meta": {},
                        "tainted": false
                    },
                    "deposed": [],
                    "provider": ""
                },
                "aws_route.internet_access": {
                    "type": "aws_route",
                    "depends_on": [
                        "aws_internet_gateway.new_gateway",
                        "aws_vpc.new_vpc"
                    ],
                    "primary": {
                        "id": "r-rtb-a61de7de1080289494",
                        "attributes": {
                            "destination_cidr_block": "0.0.0.0/0",
                            "destination_prefix_list_id": "",
                            "egress_only_gateway_id": "",
                            "gateway_id": "igw-9fb115f9",
                            "id": "r-rtb-a61de7de1080289494",
                            "instance_id": "",
                            "instance_owner_id": "",
                            "nat_gateway_id": "",
                            "network_interface_id": "",
                            "origin": "CreateRoute",
                            "route_table_id": "rtb-a61de7de",
                            "state": "active",
                            "vpc_peering_connection_id": ""
                        },
                        "meta": {},
                        "tainted": false
                    },
                    "deposed": [],
                    "provider": ""
                },
                "aws_security_group.elb": {
                    "type": "aws_security_group",
                    "depends_on": [
                        "aws_vpc.new_vpc"
                    ],
                    "primary": {
                        "id": "sg-7bf64705",
                        "attributes": {
                            "description": "Used in the terraform",
                            "egress.#": "1",
                            "egress.482069346.cidr_blocks.#": "1",
                            "egress.482069346.cidr_blocks.0": "0.0.0.0/0",
                            "egress.482069346.from_port": "0",
                            "egress.482069346.ipv6_cidr_blocks.#": "0",
                            "egress.482069346.prefix_list_ids.#": "0",
                            "egress.482069346.protocol": "-1",
                            "egress.482069346.security_groups.#": "0",
                            "egress.482069346.self": "false",
                            "egress.482069346.to_port": "0",
                            "id": "sg-7bf64705",
                            "ingress.#": "1",
                            "ingress.2080286321.cidr_blocks.#": "1",
                            "ingress.2080286321.cidr_blocks.0": "0.0.0.0/0",
                            "ingress.2080286321.from_port": "80",
                            "ingress.2080286321.ipv6_cidr_blocks.#": "0",
                            "ingress.2080286321.protocol": "tcp",
                            "ingress.2080286321.security_groups.#": "0",
                            "ingress.2080286321.self": "false",
                            "ingress.2080286321.to_port": "80",
                            "name": "tf-example-elb",
                            "owner_id": "349038533867",
                            "tags.%": "0",
                            "vpc_id": "vpc-f543ac8c"
                        },
                        "meta": {},
                        "tainted": false
                    },
                    "deposed": [],
                    "provider": ""
                },
                "aws_security_group.instance": {
                    "type": "aws_security_group",
                    "depends_on": [
                        "aws_vpc.new_vpc"
                    ],
                    "primary": {
                        "id": "sg-93f445ed",
                        "attributes": {
                            "description": "Used in the terraform",
                            "egress.#": "1",
                            "egress.482069346.cidr_blocks.#": "1",
                            "egress.482069346.cidr_blocks.0": "0.0.0.0/0",
                            "egress.482069346.from_port": "0",
                            "egress.482069346.ipv6_cidr_blocks.#": "0",
                            "egress.482069346.prefix_list_ids.#": "0",
                            "egress.482069346.protocol": "-1",
                            "egress.482069346.security_groups.#": "0",
                            "egress.482069346.self": "false",
                            "egress.482069346.to_port": "0",
                            "id": "sg-93f445ed",
                            "ingress.#": "2",
                            "ingress.1753530290.cidr_blocks.#": "1",
                            "ingress.1753530290.cidr_blocks.0": "0.0.0.0/0",
                            "ingress.1753530290.from_port": "22",
                            "ingress.1753530290.ipv6_cidr_blocks.#": "0",
                            "ingress.1753530290.protocol": "tcp",
                            "ingress.1753530290.security_groups.#": "0",
                            "ingress.1753530290.self": "false",
                            "ingress.1753530290.to_port": "22",
                            "ingress.491532688.cidr_blocks.#": "1",
                            "ingress.491532688.cidr_blocks.0": "0.0.0.0/0",
                            "ingress.491532688.from_port": "8484",
                            "ingress.491532688.ipv6_cidr_blocks.#": "0",
                            "ingress.491532688.protocol": "tcp",
                            "ingress.491532688.security_groups.#": "0",
                            "ingress.491532688.self": "false",
                            "ingress.491532688.to_port": "8484",
                            "name": "tf-example-instance",
                            "owner_id": "349038533867",
                            "tags.%": "0",
                            "vpc_id": "vpc-f543ac8c"
                        },
                        "meta": {},
                        "tainted": false
                    },
                    "deposed": [],
                    "provider": ""
                },
                "aws_sns_topic.topic-example": {
                    "type": "aws_sns_topic",
                    "depends_on": [],
                    "primary": {
                        "id": "arn:aws:sns:us-east-1:349038533867:tf-example-sns-topic",
                        "attributes": {
                            "arn": "arn:aws:sns:us-east-1:349038533867:tf-example-sns-topic",
                            "display_name": "",
                            "id": "arn:aws:sns:us-east-1:349038533867:tf-example-sns-topic",
                            "name": "tf-example-sns-topic",
                            "policy": "{\"Id\":\"__default_policy_ID\",\"Statement\":[{\"Action\":[\"SNS:GetTopicAttributes\",\"SNS:SetTopicAttributes\",\"SNS:AddPermission\",\"SNS:RemovePermission\",\"SNS:DeleteTopic\",\"SNS:Subscribe\",\"SNS:ListSubscriptionsByTopic\",\"SNS:Publish\",\"SNS:Receive\"],\"Condition\":{\"StringEquals\":{\"AWS:SourceOwner\":\"349038533867\"}},\"Effect\":\"Allow\",\"Principal\":{\"AWS\":\"*\"},\"Resource\":\"arn:aws:sns:us-east-1:349038533867:tf-example-sns-topic\",\"Sid\":\"__default_statement_ID\"}],\"Version\":\"2008-10-17\"}"
                        },
                        "meta": {},
                        "tainted": false
                    },
                    "deposed": [],
                    "provider": ""
                },
                "aws_subnet.new_psna": {
                    "type": "aws_subnet",
                    "depends_on": [
                        "aws_internet_gateway.new_gateway",
                        "aws_vpc.new_vpc",
                        "data.aws_availability_zones.available"
                    ],
                    "primary": {
                        "id": "subnet-625ba04e",
                        "attributes": {
                            "assign_ipv6_address_on_creation": "false",
                            "availability_zone": "us-east-1a",
                            "cidr_block": "10.125.0.0/26",
                            "id": "subnet-625ba04e",
                            "map_public_ip_on_launch": "true",
                            "tags.%": "1",
                            "tags.Name": "Private Subnet",
                            "vpc_id": "vpc-f543ac8c"
                        },
                        "meta": {
                            "schema_version": "1"
                        },
                        "tainted": false
                    },
                    "deposed": [],
                    "provider": ""
                },
                "aws_subnet.new_psnb": {
                    "type": "aws_subnet",
                    "depends_on": [
                        "aws_internet_gateway.new_gateway",
                        "aws_vpc.new_vpc",
                        "data.aws_availability_zones.available"
                    ],
                    "primary": {
                        "id": "subnet-e75befaf",
                        "attributes": {
                            "assign_ipv6_address_on_creation": "false",
                            "availability_zone": "us-east-1b",
                            "cidr_block": "10.125.0.64/26",
                            "id": "subnet-e75befaf",
                            "map_public_ip_on_launch": "true",
                            "tags.%": "1",
                            "tags.Name": "Private Subnet",
                            "vpc_id": "vpc-f543ac8c"
                        },
                        "meta": {
                            "schema_version": "1"
                        },
                        "tainted": false
                    },
                    "deposed": [],
                    "provider": ""
                },
                "aws_subnet.new_psnc": {
                    "type": "aws_subnet",
                    "depends_on": [
                        "aws_internet_gateway.new_gateway",
                        "aws_vpc.new_vpc",
                        "data.aws_availability_zones.available"
                    ],
                    "primary": {
                        "id": "subnet-c455a49e",
                        "attributes": {
                            "assign_ipv6_address_on_creation": "false",
                            "availability_zone": "us-east-1c",
                            "cidr_block": "10.125.0.128/26",
                            "id": "subnet-c455a49e",
                            "map_public_ip_on_launch": "true",
                            "tags.%": "1",
                            "tags.Name": "Private Subnet",
                            "vpc_id": "vpc-f543ac8c"
                        },
                        "meta": {
                            "schema_version": "1"
                        },
                        "tainted": false
                    },
                    "deposed": [],
                    "provider": ""
                },
                "aws_vpc.new_vpc": {
                    "type": "aws_vpc",
                    "depends_on": [],
                    "primary": {
                        "id": "vpc-f543ac8c",
                        "attributes": {
                            "assign_generated_ipv6_cidr_block": "false",
                            "cidr_block": "10.125.0.0/16",
                            "default_network_acl_id": "acl-edbb3994",
                            "default_route_table_id": "rtb-a61de7de",
                            "default_security_group_id": "sg-f0f4458e",
                            "dhcp_options_id": "dopt-add1f6ca",
                            "enable_classiclink": "false",
                            "enable_dns_hostnames": "true",
                            "enable_dns_support": "true",
                            "id": "vpc-f543ac8c",
                            "instance_tenancy": "default",
                            "main_route_table_id": "rtb-a61de7de",
                            "tags.%": "1",
                            "tags.Name": "new_vpc"
                        },
                        "meta": {
                            "schema_version": "1"
                        },
                        "tainted": false
                    },
                    "deposed": [],
                    "provider": ""
                },
                "data.aws_availability_zones.available": {
                    "type": "aws_availability_zones",
                    "depends_on": [],
                    "primary": {
                        "id": "2017-05-08 08:23:19.6598274 +0000 UTC",
                        "attributes": {
                            "id": "2017-05-08 08:23:19.6598274 +0000 UTC",
                            "names.#": "5",
                            "names.0": "us-east-1a",
                            "names.1": "us-east-1b",
                            "names.2": "us-east-1c",
                            "names.3": "us-east-1d",
                            "names.4": "us-east-1e"
                        },
                        "meta": {},
                        "tainted": false
                    },
                    "deposed": [],
                    "provider": ""
                }
            },
            "depends_on": []
        }
    ]
}
